
Microsoft Visual Studio Solution File, Format Version 12.00
# Visual Studio 15
VisualStudioVersion = 15.0.26730.16
MinimumVisualStudioVersion = 10.0.40219.1
Project("{FAE04EC0-301F-11D3-BF4B-00C04F79EFBC}") = "ObjectClone", "ObjectClone\ObjectClone.csproj", "{1D8946E3-7896-4832-B8AC-B14E15C4B294}"
EndProject
Project("{FAE04EC0-301F-11D3-BF4B-00C04F79EFBC}") = "ObjectCloneTest", "ObjectCloneTest\ObjectCloneTest.csproj", "{3AE0538A-F17E-4EEB-A018-38E3C03D2DD8}"
EndProject
Global
	GlobalSection(SolutionConfigurationPlatforms) = preSolution
		Debug|Any CPU = Debug|Any CPU
		Release|Any CPU = Release|Any CPU
	EndGlobalSection
	GlobalSection(ProjectConfigurationPlatforms) = postSolution
		{1D8946E3-7896-4832-B8AC-B14E15C4B294}.Debug|Any CPU.ActiveCfg = Debug|Any CPU
		{1D8946E3-7896-4832-B8AC-B14E15C4B294}.Debug|Any CPU.Build.0 = Debug|Any CPU
		{1D8946E3-7896-4832-B8AC-B14E15C4B294}.Release|Any CPU.ActiveCfg = Release|Any CPU
		{1D8946E3-7896-4832-B8AC-B14E15C4B294}.Release|Any CPU.Build.0 = Release|Any CPU
		{3AE0538A-F17E-4EEB-A018-38E3C03D2DD8}.Debug|Any CPU.ActiveCfg = Debug|Any CPU
		{3AE0538A-F17E-4EEB-A018-38E3C03D2DD8}.Debug|Any CPU.Build.0 = Debug|Any CPU
		{3AE0538A-F17E-4EEB-A018-38E3C03D2DD8}.Release|Any CPU.ActiveCfg = Release|Any CPU
		{3AE0538A-F17E-4EEB-A018-38E3C03D2DD8}.Release|Any CPU.Build.0 = Release|Any CPU
	EndGlobalSection
	GlobalSection(SolutionProperties) = preSolution
		HideSolutionNode = FALSE
	EndGlobalSection
	GlobalSection(ExtensibilityGlobals) = postSolution
		SolutionGuid = {1E7CCE59-C005-4550-A169-B56F32DAB604}
	EndGlobalSection
EndGlobal
